{
  "name": "benchmarkresearch-pws",
  "version": "1.0.0",
  "lockfileVersion": 1,
  "requires": true,
  "dependencies": {
    "@assemblyscript/loader": {
      "version": "0.16.1",
      "resolved": "https://registry.npmjs.org/@assemblyscript/loader/-/loader-0.16.1.tgz",
      "integrity": "sha512-fx6wEDH/NgvNYYrkGZnHaguFa73KUD2Pt42UCIlWNumHr9Vp2gnKH2+neOKNlTBFVrwIrMs9KlUYqDC6v/kh1A=="
    },
    "@types/jquery": {
      "version": "3.5.3",
      "resolved": "https://registry.npmjs.org/@types/jquery/-/jquery-3.5.3.tgz",
      "integrity": "sha512-IENpHTjGksr2wQS6ZO8eMIE0tIB22Ywg+n3/yAWCa56VSZ26phcwAbFdh9+VNUWk7e83qB27QLax3Rf4G92Y9A==",
      "requires": {
        "@types/sizzle": "*"
      }
    },
    "@types/sizzle": {
      "version": "2.3.2",
      "resolved": "https://registry.npmjs.org/@types/sizzle/-/sizzle-2.3.2.tgz",
      "integrity": "sha512-7EJYyKTL7tFR8+gDbB6Wwz/arpGa0Mywk1TJbNzKzHtzbwVmY4HR9WqS5VV7dsBUKQmPNr192jHr/VpBluj/hg=="
    },
    "assemblyscript": {
      "version": "0.16.1",
      "resolved": "https://registry.npmjs.org/assemblyscript/-/assemblyscript-0.16.1.tgz",
      "integrity": "sha512-btb/Q2cs42O7NaVRLDpUIb4fF+o4H4id0kjOOOzS25KCOx0voiyGBeWYqfnrOeufMQacvDNqGkjJuGkdTJIrQQ==",
      "dev": true,
      "requires": {
        "binaryen": "97.0.0-nightly.20201008",
        "long": "^4.0.0"
      }
    },
    "binaryen": {
      "version": "97.0.0-nightly.20201008",
      "resolved": "https://registry.npmjs.org/binaryen/-/binaryen-97.0.0-nightly.20201008.tgz",
      "integrity": "sha512-GWV30FOQqz+vBIZRbc7GSasLNhh8BNLKH+2u2j5BjqM0WOEqqaP5iSj0mq72We2aVYqpBajJPI/CORY6o2RBxA==",
      "dev": true
    },
    "long": {
      "version": "4.0.0",
      "resolved": "https://registry.npmjs.org/long/-/long-4.0.0.tgz",
      "integrity": "sha512-XsP+KhQif4bjX1kbuSiySJFNAehNxgLb6hPRGJ9QsUr8ajHkuXGdrHmFUTUUXhDwVX2R5bY4JNZEwbUiMhV+MA==",
      "dev": true
    },
    "typed-web-workers": {
      "version": "4.0.0",
      "resolved": "https://registry.npmjs.org/typed-web-workers/-/typed-web-workers-4.0.0.tgz",
      "integrity": "sha512-f0f0DX0TxYJQwUUmuUfm9F/cmKRxRcpImwtKvqsGQD2pvIm3RirGz2nkoxSwmhF849qDk3xi3H7pDoeI3Lq4Tg=="
    },
    "typescript": {
      "version": "4.0.3",
      "resolved": "https://registry.npmjs.org/typescript/-/typescript-4.0.3.tgz",
      "integrity": "sha512-tEu6DGxGgRJPb/mVPIZ48e69xCn2yRmCgYmDugAVwmJ6o+0u1RI18eO7E7WBTLYLaEVVOhwQmcdhQHweux/WPg=="
    }
  }
}
